
Microsoft Visual Studio Solution File, Format Version 12.00
# Visual Studio Version 17
VisualStudioVersion = 17.0.31912.275
MinimumVisualStudioVersion = 10.0.40219.1
Project("{FAE04EC0-301F-11D3-BF4B-00C04F79EFBC}") = "ConsoleApp1", "ConsoleApp1\ConsoleApp1.csproj", "{9C205DB3-B5F0-48BA-9D69-A58631CA69FA}"
EndProject
Global
	GlobalSection(SolutionConfigurationPlatforms) = preSolution
		Debug|Any CPU = Debug|Any CPU
		Release|Any CPU = Release|Any CPU
	EndGlobalSection
	GlobalSection(ProjectConfigurationPlatforms) = postSolution
		{9C205DB3-B5F0-48BA-9D69-A58631CA69FA}.Debug|Any CPU.ActiveCfg = Debug|Any CPU
		{9C205DB3-B5F0-48BA-9D69-A58631CA69FA}.Debug|Any CPU.Build.0 = Debug|Any CPU
		{9C205DB3-B5F0-48BA-9D69-A58631CA69FA}.Release|Any CPU.ActiveCfg = Release|Any CPU
		{9C205DB3-B5F0-48BA-9D69-A58631CA69FA}.Release|Any CPU.Build.0 = Release|Any CPU
	EndGlobalSection
	GlobalSection(SolutionProperties) = preSolution
		HideSolutionNode = FALSE
	EndGlobalSection
	GlobalSection(ExtensibilityGlobals) = postSolution
		SolutionGuid = {EE1EACC8-07A6-4B16-8149-7E4A174AC4F1}
	EndGlobalSection
EndGlobal
